// !$*UTF8*$!
{
	archiveVersion = 1;
	classes = {
	};
	objectVersion = 50;
	objects = {

/* Begin PBXBuildFile section */
		3ADD7C0F2559900A0062A912 /* AppDelegate.swift in Sources */ = {isa = PBXBuildFile; fileRef = 3ADD7C0E2559900A0062A912 /* AppDelegate.swift */; };
		3ADD7C112559900A0062A912 /* SceneDelegate.swift in Sources */ = {isa = PBXBuildFile; fileRef = 3ADD7C102559900A0062A912 /* SceneDelegate.swift */; };
		3ADD7C182559900D0062A912 /* Assets.xcassets in Resources */ = {isa = PBXBuildFile; fileRef = 3ADD7C172559900D0062A912 /* Assets.xcassets */; };
		3ADD7C1B2559900D0062A912 /* LaunchScreen.storyboard in Resources */ = {isa = PBXBuildFile; fileRef = 3ADD7C192559900D0062A912 /* LaunchScreen.storyboard */; };
		3ADD7C262559900E0062A912 /* GithubFollwerTests.swift in Sources */ = {isa = PBXBuildFile; fileRef = 3ADD7C252559900E0062A912 /* GithubFollwerTests.swift */; };
		3ADD7C312559900E0062A912 /* GithubFollwerUITests.swift in Sources */ = {isa = PBXBuildFile; fileRef = 3ADD7C302559900E0062A912 /* GithubFollwerUITests.swift */; };
		3ADD7C4B2559B81E0062A912 /* SearchVC.swift in Sources */ = {isa = PBXBuildFile; fileRef = 3ADD7C4A2559B81E0062A912 /* SearchVC.swift */; };
		3ADD7C502559B8310062A912 /* faviortiesVC.swift in Sources */ = {isa = PBXBuildFile; fileRef = 3ADD7C4F2559B8310062A912 /* faviortiesVC.swift */; };
		3AEFB4FA256D1F390084CCE7 /* GFbutton.swift in Sources */ = {isa = PBXBuildFile; fileRef = 3AEFB4F9256D1F390084CCE7 /* GFbutton.swift */; };
		3AEFB4FF256D5EEE0084CCE7 /* GFtextField.swift in Sources */ = {isa = PBXBuildFile; fileRef = 3AEFB4FE256D5EEE0084CCE7 /* GFtextField.swift */; };
		3AEFB514256F96900084CCE7 /* follwerListVC.swift in Sources */ = {isa = PBXBuildFile; fileRef = 3AEFB513256F96900084CCE7 /* follwerListVC.swift */; };
		3AEFB5192573B9A20084CCE7 /* GFTitleLabel.swift in Sources */ = {isa = PBXBuildFile; fileRef = 3AEFB5182573B9A20084CCE7 /* GFTitleLabel.swift */; };
		3AEFB51E2573BBAA0084CCE7 /* GFbodyLabel.swift in Sources */ = {isa = PBXBuildFile; fileRef = 3AEFB51D2573BBAA0084CCE7 /* GFbodyLabel.swift */; };
		3AEFB5232573D04D0084CCE7 /* GFAlertVC.swift in Sources */ = {isa = PBXBuildFile; fileRef = 3AEFB5222573D04D0084CCE7 /* GFAlertVC.swift */; };
		3AEFB52825753AB90084CCE7 /* UIviewController+Extension.swift in Sources */ = {isa = PBXBuildFile; fileRef = 3AEFB52725753AB90084CCE7 /* UIviewController+Extension.swift */; };
/* End PBXBuildFile section */

/* Begin PBXContainerItemProxy section */
		3ADD7C222559900E0062A912 /* PBXContainerItemProxy */ = {
			isa = PBXContainerItemProxy;
			containerPortal = 3ADD7C032559900A0062A912 /* Project object */;
			proxyType = 1;
			remoteGlobalIDString = 3ADD7C0A2559900A0062A912;
			remoteInfo = GithubFollwer;
		};
		3ADD7C2D2559900E0062A912 /* PBXContainerItemProxy */ = {
			isa = PBXContainerItemProxy;
			containerPortal = 3ADD7C032559900A0062A912 /* Project object */;
			proxyType = 1;
			remoteGlobalIDString = 3ADD7C0A2559900A0062A912;
			remoteInfo = GithubFollwer;
		};
/* End PBXContainerItemProxy section */

/* Begin PBXFileReference section */
		3ADD7C0B2559900A0062A912 /* GithubFollwer.app */ = {isa = PBXFileReference; explicitFileType = wrapper.application; includeInIndex = 0; path = GithubFollwer.app; sourceTree = BUILT_PRODUCTS_DIR; };
		3ADD7C0E2559900A0062A912 /* AppDelegate.swift */ = {isa = PBXFileReference; lastKnownFileType = sourcecode.swift; path = AppDelegate.swift; sourceTree = "<group>"; };
		3ADD7C102559900A0062A912 /* SceneDelegate.swift */ = {isa = PBXFileReference; lastKnownFileType = sourcecode.swift; path = SceneDelegate.swift; sourceTree = "<group>"; wrapsLines = 0; };
		3ADD7C172559900D0062A912 /* Assets.xcassets */ = {isa = PBXFileReference; lastKnownFileType = folder.assetcatalog; path = Assets.xcassets; sourceTree = "<group>"; };
		3ADD7C1A2559900D0062A912 /* Base */ = {isa = PBXFileReference; lastKnownFileType = file.storyboard; name = Base; path = Base.lproj/LaunchScreen.storyboard; sourceTree = "<group>"; };
		3ADD7C1C2559900D0062A912 /* Info.plist */ = {isa = PBXFileReference; lastKnownFileType = text.plist.xml; path = Info.plist; sourceTree = "<group>"; };
		3ADD7C212559900E0062A912 /* GithubFollwerTests.xctest */ = {isa = PBXFileReference; explicitFileType = wrapper.cfbundle; includeInIndex = 0; path = GithubFollwerTests.xctest; sourceTree = BUILT_PRODUCTS_DIR; };
		3ADD7C252559900E0062A912 /* GithubFollwerTests.swift */ = {isa = PBXFileReference; lastKnownFileType = sourcecode.swift; path = GithubFollwerTests.swift; sourceTree = "<group>"; };
		3ADD7C272559900E0062A912 /* Info.plist */ = {isa = PBXFileReference; lastKnownFileType = text.plist.xml; path = Info.plist; sourceTree = "<group>"; };
		3ADD7C2C2559900E0062A912 /* GithubFollwerUITests.xctest */ = {isa = PBXFileReference; explicitFileType = wrapper.cfbundle; includeInIndex = 0; path = GithubFollwerUITests.xctest; sourceTree = BUILT_PRODUCTS_DIR; };
		3ADD7C302559900E0062A912 /* GithubFollwerUITests.swift */ = {isa = PBXFileReference; lastKnownFileType = sourcecode.swift; path = GithubFollwerUITests.swift; sourceTree = "<group>"; };
		3ADD7C322559900E0062A912 /* Info.plist */ = {isa = PBXFileReference; lastKnownFileType = text.plist.xml; path = Info.plist; sourceTree = "<group>"; };
		3ADD7C4A2559B81E0062A912 /* SearchVC.swift */ = {isa = PBXFileReference; lastKnownFileType = sourcecode.swift; path = SearchVC.swift; sourceTree = "<group>"; };
		3ADD7C4F2559B8310062A912 /* faviortiesVC.swift */ = {isa = PBXFileReference; lastKnownFileType = sourcecode.swift; path = faviortiesVC.swift; sourceTree = "<group>"; };
		3AEFB4F9256D1F390084CCE7 /* GFbutton.swift */ = {isa = PBXFileReference; lastKnownFileType = sourcecode.swift; path = GFbutton.swift; sourceTree = "<group>"; };
		3AEFB4FE256D5EEE0084CCE7 /* GFtextField.swift */ = {isa = PBXFileReference; lastKnownFileType = sourcecode.swift; path = GFtextField.swift; sourceTree = "<group>"; };
		3AEFB513256F96900084CCE7 /* follwerListVC.swift */ = {isa = PBXFileReference; lastKnownFileType = sourcecode.swift; path = follwerListVC.swift; sourceTree = "<group>"; };
		3AEFB5182573B9A20084CCE7 /* GFTitleLabel.swift */ = {isa = PBXFileReference; lastKnownFileType = sourcecode.swift; path = GFTitleLabel.swift; sourceTree = "<group>"; };
		3AEFB51D2573BBAA0084CCE7 /* GFbodyLabel.swift */ = {isa = PBXFileReference; lastKnownFileType = sourcecode.swift; path = GFbodyLabel.swift; sourceTree = "<group>"; };
		3AEFB5222573D04D0084CCE7 /* GFAlertVC.swift */ = {isa = PBXFileReference; lastKnownFileType = sourcecode.swift; path = GFAlertVC.swift; sourceTree = "<group>"; };
		3AEFB52725753AB90084CCE7 /* UIviewController+Extension.swift */ = {isa = PBXFileReference; lastKnownFileType = sourcecode.swift; path = "UIviewController+Extension.swift"; sourceTree = "<group>"; };
/* End PBXFileReference section */

/* Begin PBXFrameworksBuildPhase section */
		3ADD7C082559900A0062A912 /* Frameworks */ = {
			isa = PBXFrameworksBuildPhase;
			buildActionMask = 2147483647;
			files = (
			);
			runOnlyForDeploymentPostprocessing = 0;
		};
		3ADD7C1E2559900E0062A912 /* Frameworks */ = {
			isa = PBXFrameworksBuildPhase;
			buildActionMask = 2147483647;
			files = (
			);
			runOnlyForDeploymentPostprocessing = 0;
		};
		3ADD7C292559900E0062A912 /* Frameworks */ = {
			isa = PBXFrameworksBuildPhase;
			buildActionMask = 2147483647;
			files = (
			);
			runOnlyForDeploymentPostprocessing = 0;
		};
/* End PBXFrameworksBuildPhase section */

/* Begin PBXGroup section */
		3ADD7C022559900A0062A912 = {
			isa = PBXGroup;
			children = (
				3ADD7C0D2559900A0062A912 /* GithubFollwer */,
				3ADD7C242559900E0062A912 /* GithubFollwerTests */,
				3ADD7C2F2559900E0062A912 /* GithubFollwerUITests */,
				3ADD7C0C2559900A0062A912 /* Products */,
			);
			sourceTree = "<group>";
		};
		3ADD7C0C2559900A0062A912 /* Products */ = {
			isa = PBXGroup;
			children = (
				3ADD7C0B2559900A0062A912 /* GithubFollwer.app */,
				3ADD7C212559900E0062A912 /* GithubFollwerTests.xctest */,
				3ADD7C2C2559900E0062A912 /* GithubFollwerUITests.xctest */,
			);
			name = Products;
			sourceTree = "<group>";
		};
		3ADD7C0D2559900A0062A912 /* GithubFollwer */ = {
			isa = PBXGroup;
			children = (
				3AEFB52E2575402F0084CCE7 /* customViews */,
				3AEFB52D257540200084CCE7 /* extensions */,
				3AEFB52C257540050084CCE7 /* Screens */,
				3ADD7C0E2559900A0062A912 /* AppDelegate.swift */,
				3ADD7C102559900A0062A912 /* SceneDelegate.swift */,
				3ADD7C172559900D0062A912 /* Assets.xcassets */,
				3ADD7C192559900D0062A912 /* LaunchScreen.storyboard */,
				3ADD7C1C2559900D0062A912 /* Info.plist */,
			);
			path = GithubFollwer;
			sourceTree = "<group>";
		};
		3ADD7C242559900E0062A912 /* GithubFollwerTests */ = {
			isa = PBXGroup;
			children = (
				3ADD7C252559900E0062A912 /* GithubFollwerTests.swift */,
				3ADD7C272559900E0062A912 /* Info.plist */,
			);
			path = GithubFollwerTests;
			sourceTree = "<group>";
		};
		3ADD7C2F2559900E0062A912 /* GithubFollwerUITests */ = {
			isa = PBXGroup;
			children = (
				3ADD7C302559900E0062A912 /* GithubFollwerUITests.swift */,
				3ADD7C322559900E0062A912 /* Info.plist */,
			);
			path = GithubFollwerUITests;
			sourceTree = "<group>";
		};
		3AEFB52C257540050084CCE7 /* Screens */ = {
			isa = PBXGroup;
			children = (
				3ADD7C4A2559B81E0062A912 /* SearchVC.swift */,
				3ADD7C4F2559B8310062A912 /* faviortiesVC.swift */,
				3AEFB513256F96900084CCE7 /* follwerListVC.swift */,
			);
			path = Screens;
			sourceTree = "<group>";
		};
		3AEFB52D257540200084CCE7 /* extensions */ = {
			isa = PBXGroup;
			children = (
				3AEFB52725753AB90084CCE7 /* UIviewController+Extension.swift */,
			);
			path = extensions;
			sourceTree = "<group>";
		};
		3AEFB52E2575402F0084CCE7 /* customViews */ = {
			isa = PBXGroup;
			children = (
				3AEFB5182573B9A20084CCE7 /* GFTitleLabel.swift */,
				3AEFB51D2573BBAA0084CCE7 /* GFbodyLabel.swift */,
				3AEFB5222573D04D0084CCE7 /* GFAlertVC.swift */,
				3AEFB4F9256D1F390084CCE7 /* GFbutton.swift */,
				3AEFB4FE256D5EEE0084CCE7 /* GFtextField.swift */,
			);
			path = customViews;
			sourceTree = "<group>";
		};
/* End PBXGroup section */

/* Begin PBXNativeTarget section */
		3ADD7C0A2559900A0062A912 /* GithubFollwer */ = {
			isa = PBXNativeTarget;
			buildConfigurationList = 3ADD7C352559900E0062A912 /* Build configuration list for PBXNativeTarget "GithubFollwer" */;
			buildPhases = (
				3ADD7C072559900A0062A912 /* Sources */,
				3ADD7C082559900A0062A912 /* Frameworks */,
				3ADD7C092559900A0062A912 /* Resources */,
			);
			buildRules = (
			);
			dependencies = (
			);
			name = GithubFollwer;
			productName = GithubFollwer;
			productReference = 3ADD7C0B2559900A0062A912 /* GithubFollwer.app */;
			productType = "com.apple.product-type.application";
		};
		3ADD7C202559900E0062A912 /* GithubFollwerTests */ = {
			isa = PBXNativeTarget;
			buildConfigurationList = 3ADD7C382559900E0062A912 /* Build configuration list for PBXNativeTarget "GithubFollwerTests" */;
			buildPhases = (
				3ADD7C1D2559900E0062A912 /* Sources */,
				3ADD7C1E2559900E0062A912 /* Frameworks */,
				3ADD7C1F2559900E0062A912 /* Resources */,
			);
			buildRules = (
			);
			dependencies = (
				3ADD7C232559900E0062A912 /* PBXTargetDependency */,
			);
			name = GithubFollwerTests;
			productName = GithubFollwerTests;
			productReference = 3ADD7C212559900E0062A912 /* GithubFollwerTests.xctest */;
			productType = "com.apple.product-type.bundle.unit-test";
		};
		3ADD7C2B2559900E0062A912 /* GithubFollwerUITests */ = {
			isa = PBXNativeTarget;
			buildConfigurationList = 3ADD7C3B2559900E0062A912 /* Build configuration list for PBXNativeTarget "GithubFollwerUITests" */;
			buildPhases = (
				3ADD7C282559900E0062A912 /* Sources */,
				3ADD7C292559900E0062A912 /* Frameworks */,
				3ADD7C2A2559900E0062A912 /* Resources */,
			);
			buildRules = (
			);
			dependencies = (
				3ADD7C2E2559900E0062A912 /* PBXTargetDependency */,
			);
			name = GithubFollwerUITests;
			productName = GithubFollwerUITests;
			productReference = 3ADD7C2C2559900E0062A912 /* GithubFollwerUITests.xctest */;
			productType = "com.apple.product-type.bundle.ui-testing";
		};
/* End PBXNativeTarget section */

/* Begin PBXProject section */
		3ADD7C032559900A0062A912 /* Project object */ = {
			isa = PBXProject;
			attributes = {
				LastSwiftUpdateCheck = 1210;
				LastUpgradeCheck = 1210;
				TargetAttributes = {
					3ADD7C0A2559900A0062A912 = {
						CreatedOnToolsVersion = 12.1;
					};
					3ADD7C202559900E0062A912 = {
						CreatedOnToolsVersion = 12.1;
						TestTargetID = 3ADD7C0A2559900A0062A912;
					};
					3ADD7C2B2559900E0062A912 = {
						CreatedOnToolsVersion = 12.1;
						TestTargetID = 3ADD7C0A2559900A0062A912;
					};
				};
			};
			buildConfigurationList = 3ADD7C062559900A0062A912 /* Build configuration list for PBXProject "GithubFollwer" */;
			compatibilityVersion = "Xcode 9.3";
			developmentRegion = en;
			hasScannedForEncodings = 0;
			knownRegions = (
				en,
				Base,
			);
			mainGroup = 3ADD7C022559900A0062A912;
			productRefGroup = 3ADD7C0C2559900A0062A912 /* Products */;
			projectDirPath = "";
			projectRoot = "";
			targets = (
				3ADD7C0A2559900A0062A912 /* GithubFollwer */,
				3ADD7C202559900E0062A912 /* GithubFollwerTests */,
				3ADD7C2B2559900E0062A912 /* GithubFollwerUITests */,
			);
		};
/* End PBXProject section */

/* Begin PBXResourcesBuildPhase section */
		3ADD7C092559900A0062A912 /* Resources */ = {
			isa = PBXResourcesBuildPhase;
			buildActionMask = 2147483647;
			files = (
				3ADD7C1B2559900D0062A912 /* LaunchScreen.storyboard in Resources */,
				3ADD7C182559900D0062A912 /* Assets.xcassets in Resources */,
			);
			runOnlyForDeploymentPostprocessing = 0;
		};
		3ADD7C1F2559900E0062A912 /* Resources */ = {
			isa = PBXResourcesBuildPhase;
			buildActionMask = 2147483647;
			files = (
			);
			runOnlyForDeploymentPostprocessing = 0;
		};
		3ADD7C2A2559900E0062A912 /* Resources */ = {
			isa = PBXResourcesBuildPhase;
			buildActionMask = 2147483647;
			files = (
			);
			runOnlyForDeploymentPostprocessing = 0;
		};
/* End PBXResourcesBuildPhase section */

/* Begin PBXSourcesBuildPhase section */
		3ADD7C072559900A0062A912 /* Sources */ = {
			isa = PBXSourcesBuildPhase;
			buildActionMask = 2147483647;
			files = (
				3AEFB4FF256D5EEE0084CCE7 /* GFtextField.swift in Sources */,
				3AEFB514256F96900084CCE7 /* follwerListVC.swift in Sources */,
				3AEFB52825753AB90084CCE7 /* UIviewController+Extension.swift in Sources */,
				3ADD7C4B2559B81E0062A912 /* SearchVC.swift in Sources */,
				3ADD7C0F2559900A0062A912 /* AppDelegate.swift in Sources */,
				3AEFB5232573D04D0084CCE7 /* GFAlertVC.swift in Sources */,
				3AEFB51E2573BBAA0084CCE7 /* GFbodyLabel.swift in Sources */,
				3AEFB5192573B9A20084CCE7 /* GFTitleLabel.swift in Sources */,
				3ADD7C502559B8310062A912 /* faviortiesVC.swift in Sources */,
				3ADD7C112559900A0062A912 /* SceneDelegate.swift in Sources */,
				3AEFB4FA256D1F390084CCE7 /* GFbutton.swift in Sources */,
			);
			runOnlyForDeploymentPostprocessing = 0;
		};
		3ADD7C1D2559900E0062A912 /* Sources */ = {
			isa = PBXSourcesBuildPhase;
			buildActionMask = 2147483647;
			files = (
				3ADD7C262559900E0062A912 /* GithubFollwerTests.swift in Sources */,
			);
			runOnlyForDeploymentPostprocessing = 0;
		};
		3ADD7C282559900E0062A912 /* Sources */ = {
			isa = PBXSourcesBuildPhase;
			buildActionMask = 2147483647;
			files = (
				3ADD7C312559900E0062A912 /* GithubFollwerUITests.swift in Sources */,
			);
			runOnlyForDeploymentPostprocessing = 0;
		};
/* End PBXSourcesBuildPhase section */

/* Begin PBXTargetDependency section */
		3ADD7C232559900E0062A912 /* PBXTargetDependency */ = {
			isa = PBXTargetDependency;
			target = 3ADD7C0A2559900A0062A912 /* GithubFollwer */;
			targetProxy = 3ADD7C222559900E0062A912 /* PBXContainerItemProxy */;
		};
		3ADD7C2E2559900E0062A912 /* PBXTargetDependency */ = {
			isa = PBXTargetDependency;
			target = 3ADD7C0A2559900A0062A912 /* GithubFollwer */;
			targetProxy = 3ADD7C2D2559900E0062A912 /* PBXContainerItemProxy */;
		};
/* End PBXTargetDependency section */

/* Begin PBXVariantGroup section */
		3ADD7C192559900D0062A912 /* LaunchScreen.storyboard */ = {
			isa = PBXVariantGroup;
			children = (
				3ADD7C1A2559900D0062A912 /* Base */,
			);
			name = LaunchScreen.storyboard;
			sourceTree = "<group>";
		};
/* End PBXVariantGroup section */

/* Begin XCBuildConfiguration section */
		3ADD7C332559900E0062A912 /* Debug */ = {
			isa = XCBuildConfiguration;
			buildSettings = {
				ALWAYS_SEARCH_USER_PATHS = NO;
				CLANG_ANALYZER_NONNULL = YES;
				CLANG_ANALYZER_NUMBER_OBJECT_CONVERSION = YES_AGGRESSIVE;
				CLANG_CXX_LANGUAGE_STANDARD = "gnu++14";
				CLANG_CXX_LIBRARY = "libc++";
				CLANG_ENABLE_MODULES = YES;
				CLANG_ENABLE_OBJC_ARC = YES;
				CLANG_ENABLE_OBJC_WEAK = YES;
				CLANG_WARN_BLOCK_CAPTURE_AUTORELEASING = YES;
				CLANG_WARN_BOOL_CONVERSION = YES;
				CLANG_WARN_COMMA = YES;
				CLANG_WARN_CONSTANT_CONVERSION = YES;
				CLANG_WARN_DEPRECATED_OBJC_IMPLEMENTATIONS = YES;
				CLANG_WARN_DIRECT_OBJC_ISA_USAGE = YES_ERROR;
				CLANG_WARN_DOCUMENTATION_COMMENTS = YES;
				CLANG_WARN_EMPTY_BODY = YES;
				CLANG_WARN_ENUM_CONVERSION = YES;
				CLANG_WARN_INFINITE_RECURSION = YES;
				CLANG_WARN_INT_CONVERSION = YES;
				CLANG_WARN_NON_LITERAL_NULL_CONVERSION = YES;
				CLANG_WARN_OBJC_IMPLICIT_RETAIN_SELF = YES;
				CLANG_WARN_OBJC_LITERAL_CONVERSION = YES;
				CLANG_WARN_OBJC_ROOT_CLASS = YES_ERROR;
				CLANG_WARN_QUOTED_INCLUDE_IN_FRAMEWORK_HEADER = YES;
				CLANG_WARN_RANGE_LOOP_ANALYSIS = YES;
				CLANG_WARN_STRICT_PROTOTYPES = YES;
				CLANG_WARN_SUSPICIOUS_MOVE = YES;
				CLANG_WARN_UNGUARDED_AVAILABILITY = YES_AGGRESSIVE;
				CLANG_WARN_UNREACHABLE_CODE = YES;
				CLANG_WARN__DUPLICATE_METHOD_MATCH = YES;
				COPY_PHASE_STRIP = NO;
				DEBUG_INFORMATION_FORMAT = dwarf;
				ENABLE_STRICT_OBJC_MSGSEND = YES;
				ENABLE_TESTABILITY = YES;
				GCC_C_LANGUAGE_STANDARD = gnu11;
				GCC_DYNAMIC_NO_PIC = NO;
				GCC_NO_COMMON_BLOCKS = YES;
				GCC_OPTIMIZATION_LEVEL = 0;
				GCC_PREPROCESSOR_DEFINITIONS = (
					"DEBUG=1",
					"$(inherited)",
				);
				GCC_WARN_64_TO_32_BIT_CONVERSION = YES;
				GCC_WARN_ABOUT_RETURN_TYPE = YES_ERROR;
				GCC_WARN_UNDECLARED_SELECTOR = YES;
				GCC_WARN_UNINITIALIZED_AUTOS = YES_AGGRESSIVE;
				GCC_WARN_UNUSED_FUNCTION = YES;
				GCC_WARN_UNUSED_VARIABLE = YES;
				IPHONEOS_DEPLOYMENT_TARGET = 14.1;
				MTL_ENABLE_DEBUG_INFO = INCLUDE_SOURCE;
				MTL_FAST_MATH = YES;
				ONLY_ACTIVE_ARCH = YES;
				SDKROOT = iphoneos;
				SWIFT_ACTIVE_COMPILATION_CONDITIONS = DEBUG;
				SWIFT_OPTIMIZATION_LEVEL = "-Onone";
			};
			name = Debug;
		};
		3ADD7C342559900E0062A912 /* Release */ = {
			isa = XCBuildConfiguration;
			buildSettings = {
				ALWAYS_SEARCH_USER_PATHS = NO;
				CLANG_ANALYZER_NONNULL = YES;
				CLANG_ANALYZER_NUMBER_OBJECT_CONVERSION = YES_AGGRESSIVE;
				CLANG_CXX_LANGUAGE_STANDARD = "gnu++14";
				CLANG_CXX_LIBRARY = "libc++";
				CLANG_ENABLE_MODULES = YES;
				CLANG_ENABLE_OBJC_ARC = YES;
				CLANG_ENABLE_OBJC_WEAK = YES;
				CLANG_WARN_BLOCK_CAPTURE_AUTORELEASING = YES;
				CLANG_WARN_BOOL_CONVERSION = YES;
				CLANG_WARN_COMMA = YES;
				CLANG_WARN_CONSTANT_CONVERSION = YES;
				CLANG_WARN_DEPRECATED_OBJC_IMPLEMENTATIONS = YES;
				CLANG_WARN_DIRECT_OBJC_ISA_USAGE = YES_ERROR;
				CLANG_WARN_DOCUMENTATION_COMMENTS = YES;
				CLANG_WARN_EMPTY_BODY = YES;
				CLANG_WARN_ENUM_CONVERSION = YES;
				CLANG_WARN_INFINITE_RECURSION = YES;
				CLANG_WARN_INT_CONVERSION = YES;
				CLANG_WARN_NON_LITERAL_NULL_CONVERSION = YES;
				CLANG_WARN_OBJC_IMPLICIT_RETAIN_SELF = YES;
				CLANG_WARN_OBJC_LITERAL_CONVERSION = YES;
				CLANG_WARN_OBJC_ROOT_CLASS = YES_ERROR;
				CLANG_WARN_QUOTED_INCLUDE_IN_FRAMEWORK_HEADER = YES;
				CLANG_WARN_RANGE_LOOP_ANALYSIS = YES;
				CLANG_WARN_STRICT_PROTOTYPES = YES;
				CLANG_WARN_SUSPICIOUS_MOVE = YES;
				CLANG_WARN_UNGUARDED_AVAILABILITY = YES_AGGRESSIVE;
				CLANG_WARN_UNREACHABLE_CODE = YES;
				CLANG_WARN__DUPLICATE_METHOD_MATCH = YES;
				COPY_PHASE_STRIP = NO;
				DEBUG_INFORMATION_FORMAT = "dwarf-with-dsym";
				ENABLE_NS_ASSERTIONS = NO;
				ENABLE_STRICT_OBJC_MSGSEND = YES;
				GCC_C_LANGUAGE_STANDARD = gnu11;
				GCC_NO_COMMON_BLOCKS = YES;
				GCC_WARN_64_TO_32_BIT_CONVERSION = YES;
				GCC_WARN_ABOUT_RETURN_TYPE = YES_ERROR;
				GCC_WARN_UNDECLARED_SELECTOR = YES;
				GCC_WARN_UNINITIALIZED_AUTOS = YES_AGGRESSIVE;
				GCC_WARN_UNUSED_FUNCTION = YES;
				GCC_WARN_UNUSED_VARIABLE = YES;
				IPHONEOS_DEPLOYMENT_TARGET = 14.1;
				MTL_ENABLE_DEBUG_INFO = NO;
				MTL_FAST_MATH = YES;
				SDKROOT = iphoneos;
				SWIFT_COMPILATION_MODE = wholemodule;
				SWIFT_OPTIMIZATION_LEVEL = "-O";
				VALIDATE_PRODUCT = YES;
			};
			name = Release;
		};
		3ADD7C362559900E0062A912 /* Debug */ = {
			isa = XCBuildConfiguration;
			buildSettings = {
				ASSETCATALOG_COMPILER_APPICON_NAME = AppIcon;
				ASSETCATALOG_COMPILER_GLOBAL_ACCENT_COLOR_NAME = AccentColor;
				CODE_SIGN_STYLE = Automatic;
				INFOPLIST_FILE = GithubFollwer/Info.plist;
				LD_RUNPATH_SEARCH_PATHS = (
					"$(inherited)",
					"@executable_path/Frameworks",
				);
				PRODUCT_BUNDLE_IDENTIFIER = com.walaa.HackingWithSwift.GithubFollwer;
				PRODUCT_NAME = "$(TARGET_NAME)";
				SWIFT_VERSION = 5.0;
				TARGETED_DEVICE_FAMILY = 1;
			};
			name = Debug;
		};
		3ADD7C372559900E0062A912 /* Release */ = {
			isa = XCBuildConfiguration;
			buildSettings = {
				ASSETCATALOG_COMPILER_APPICON_NAME = AppIcon;
				ASSETCATALOG_COMPILER_GLOBAL_ACCENT_COLOR_NAME = AccentColor;
				CODE_SIGN_STYLE = Automatic;
				INFOPLIST_FILE = GithubFollwer/Info.plist;
				LD_RUNPATH_SEARCH_PATHS = (
					"$(inherited)",
					"@executable_path/Frameworks",
				);
				PRODUCT_BUNDLE_IDENTIFIER = com.walaa.HackingWithSwift.GithubFollwer;
				PRODUCT_NAME = "$(TARGET_NAME)";
				SWIFT_VERSION = 5.0;
				TARGETED_DEVICE_FAMILY = 1;
			};
			name = Release;
		};
		3ADD7C392559900E0062A912 /* Debug */ = {
			isa = XCBuildConfiguration;
			buildSettings = {
				ALWAYS_EMBED_SWIFT_STANDARD_LIBRARIES = YES;
				BUNDLE_LOADER = "$(TEST_HOST)";
				CODE_SIGN_STYLE = Automatic;
				INFOPLIST_FILE = GithubFollwerTests/Info.plist;
				IPHONEOS_DEPLOYMENT_TARGET = 14.1;
				LD_RUNPATH_SEARCH_PATHS = (
					"$(inherited)",
					"@executable_path/Frameworks",
					"@loader_path/Frameworks",
				);
				PRODUCT_BUNDLE_IDENTIFIER = com.walaa.HackingWithSwift.GithubFollwerTests;
				PRODUCT_NAME = "$(TARGET_NAME)";
				SWIFT_VERSION = 5.0;
				TARGETED_DEVICE_FAMILY = "1,2";
				TEST_HOST = "$(BUILT_PRODUCTS_DIR)/GithubFollwer.app/GithubFollwer";
			};
			name = Debug;
		};
		3ADD7C3A2559900E0062A912 /* Release */ = {
			isa = XCBuildConfiguration;
			buildSettings = {
				ALWAYS_EMBED_SWIFT_STANDARD_LIBRARIES = YES;
				BUNDLE_LOADER = "$(TEST_HOST)";
				CODE_SIGN_STYLE = Automatic;
				INFOPLIST_FILE = GithubFollwerTests/Info.plist;
				IPHONEOS_DEPLOYMENT_TARGET = 14.1;
				LD_RUNPATH_SEARCH_PATHS = (
					"$(inherited)",
					"@executable_path/Frameworks",
					"@loader_path/Frameworks",
				);
				PRODUCT_BUNDLE_IDENTIFIER = com.walaa.HackingWithSwift.GithubFollwerTests;
				PRODUCT_NAME = "$(TARGET_NAME)";
				SWIFT_VERSION = 5.0;
				TARGETED_DEVICE_FAMILY = "1,2";
				TEST_HOST = "$(BUILT_PRODUCTS_DIR)/GithubFollwer.app/GithubFollwer";
			};
			name = Release;
		};
		3ADD7C3C2559900E0062A912 /* Debug */ = {
			isa = XCBuildConfiguration;
			buildSettings = {
				ALWAYS_EMBED_SWIFT_STANDARD_LIBRARIES = YES;
				CODE_SIGN_STYLE = Automatic;
				INFOPLIST_FILE = GithubFollwerUITests/Info.plist;
				LD_RUNPATH_SEARCH_PATHS = (
					"$(inherited)",
					"@executable_path/Frameworks",
					"@loader_path/Frameworks",
				);
				PRODUCT_BUNDLE_IDENTIFIER = com.walaa.HackingWithSwift.GithubFollwerUITests;
				PRODUCT_NAME = "$(TARGET_NAME)";
				SWIFT_VERSION = 5.0;
				TARGETED_DEVICE_FAMILY = "1,2";
				TEST_TARGET_NAME = GithubFollwer;
			};
			name = Debug;
		};
		3ADD7C3D2559900E0062A912 /* Release */ = {
			isa = XCBuildConfiguration;
			buildSettings = {
				ALWAYS_EMBED_SWIFT_STANDARD_LIBRARIES = YES;
				CODE_SIGN_STYLE = Automatic;
				INFOPLIST_FILE = GithubFollwerUITests/Info.plist;
				LD_RUNPATH_SEARCH_PATHS = (
					"$(inherited)",
					"@executable_path/Frameworks",
					"@loader_path/Frameworks",
				);
				PRODUCT_BUNDLE_IDENTIFIER = com.walaa.HackingWithSwift.GithubFollwerUITests;
				PRODUCT_NAME = "$(TARGET_NAME)";
				SWIFT_VERSION = 5.0;
				TARGETED_DEVICE_FAMILY = "1,2";
				TEST_TARGET_NAME = GithubFollwer;
			};
			name = Release;
		};
/* End XCBuildConfiguration section */

/* Begin XCConfigurationList section */
		3ADD7C062559900A0062A912 /* Build configuration list for PBXProject "GithubFollwer" */ = {
			isa = XCConfigurationList;
			buildConfigurations = (
				3ADD7C332559900E0062A912 /* Debug */,
				3ADD7C342559900E0062A912 /* Release */,
			);
			defaultConfigurationIsVisible = 0;
			defaultConfigurationName = Release;
		};
		3ADD7C352559900E0062A912 /* Build configuration list for PBXNativeTarget "GithubFollwer" */ = {
			isa = XCConfigurationList;
			buildConfigurations = (
				3ADD7C362559900E0062A912 /* Debug */,
				3ADD7C372559900E0062A912 /* Release */,
			);
			defaultConfigurationIsVisible = 0;
			defaultConfigurationName = Release;
		};
		3ADD7C382559900E0062A912 /* Build configuration list for PBXNativeTarget "GithubFollwerTests" */ = {
			isa = XCConfigurationList;
			buildConfigurations = (
				3ADD7C392559900E0062A912 /* Debug */,
				3ADD7C3A2559900E0062A912 /* Release */,
			);
			defaultConfigurationIsVisible = 0;
			defaultConfigurationName = Release;
		};
		3ADD7C3B2559900E0062A912 /* Build configuration list for PBXNativeTarget "GithubFollwerUITests" */ = {
			isa = XCConfigurationList;
			buildConfigurations = (
				3ADD7C3C2559900E0062A912 /* Debug */,
				3ADD7C3D2559900E0062A912 /* Release */,
			);
			defaultConfigurationIsVisible = 0;
			defaultConfigurationName = Release;
		};
/* End XCConfigurationList section */
	};
	rootObject = 3ADD7C032559900A0062A912 /* Project object */;
}
